
Microsoft Visual Studio Solution File, Format Version 12.00
# Visual Studio Version 17
VisualStudioVersion = 17.11.35222.181
MinimumVisualStudioVersion = 10.0.40219.1
Project("{FAE04EC0-301F-11D3-BF4B-00C04F79EFBC}") = "SessionDemo.Web", "SessionDemo.Web\SessionDemo.Web.csproj", "{834A5860-F628-497E-A1EE-7D6ABAA52BCA}"
EndProject
Global
	GlobalSection(SolutionConfigurationPlatforms) = preSolution
		Debug|Any CPU = Debug|Any CPU
		Release|Any CPU = Release|Any CPU
	EndGlobalSection
	GlobalSection(ProjectConfigurationPlatforms) = postSolution
		{834A5860-F628-497E-A1EE-7D6ABAA52BCA}.Debug|Any CPU.ActiveCfg = Debug|Any CPU
		{834A5860-F628-497E-A1EE-7D6ABAA52BCA}.Debug|Any CPU.Build.0 = Debug|Any CPU
		{834A5860-F628-497E-A1EE-7D6ABAA52BCA}.Release|Any CPU.ActiveCfg = Release|Any CPU
		{834A5860-F628-497E-A1EE-7D6ABAA52BCA}.Release|Any CPU.Build.0 = Release|Any CPU
	EndGlobalSection
	GlobalSection(SolutionProperties) = preSolution
		HideSolutionNode = FALSE
	EndGlobalSection
	GlobalSection(ExtensibilityGlobals) = postSolution
		SolutionGuid = {8215431E-4BC7-435B-BCA9-7B7464C65585}
	EndGlobalSection
EndGlobal
